
Microsoft Visual Studio Solution File, Format Version 12.00
# Visual Studio Version 17
VisualStudioVersion = 17.3.32901.215
MinimumVisualStudioVersion = 10.0.40219.1
Project("{9A19103F-16F7-4668-BE54-9A1E7A4F7556}") = "H8GXCF_HFT_2022231.Client", "H8GXCF_HFT_2022231.Client\H8GXCF_HFT_2022231.Client.csproj", "{3DD288F3-75DF-4E95-A783-9030B174F272}"
EndProject
Project("{9A19103F-16F7-4668-BE54-9A1E7A4F7556}") = "H8GXCF_HFT_2022231.Models", "H8GXCF_HFT_2022231.Models\H8GXCF_HFT_2022231.Models.csproj", "{BC31BD9C-CBC6-4533-A558-BB7ED0779528}"
EndProject
Project("{9A19103F-16F7-4668-BE54-9A1E7A4F7556}") = "H8GXCF_HFT_2022231.Logic", "H8GXCF_HFT_2022231.Logic\H8GXCF_HFT_2022231.Logic.csproj", "{FBD5F32A-B39E-4E8C-A71C-2FBFA7CE410A}"
EndProject
Project("{9A19103F-16F7-4668-BE54-9A1E7A4F7556}") = "H8GXCF_HFT_2022231.Repository", "H8GXCF_HFT_2022231.Repository\H8GXCF_HFT_2022231.Repository.csproj", "{27F254D9-B9FF-46B6-8D33-6F18AF149615}"
EndProject
Project("{9A19103F-16F7-4668-BE54-9A1E7A4F7556}") = "H8GXCF_HFT_2022231.Test", "H8GXCF_HFT_2022231.Test\H8GXCF_HFT_2022231.Test.csproj", "{718AF153-DC10-430A-B641-80D4918162C6}"
EndProject
Project("{FAE04EC0-301F-11D3-BF4B-00C04F79EFBC}") = "H8GXCF_HFT_2022231.Endpoint", "H8GXCF_HFT_2022231.Endpoint\H8GXCF_HFT_2022231.Endpoint.csproj", "{E09B03B4-8415-47D0-9833-BE2B799AA7D4}"
EndProject
Project("{2150E333-8FDC-42A3-9474-1A3956D46DE8}") = "Backend", "Backend", "{E2F79CC9-71CF-4C42-B64A-F54AB6B6D92B}"
EndProject
Project("{2150E333-8FDC-42A3-9474-1A3956D46DE8}") = "Frontend", "Frontend", "{8FAE4932-0BB0-4C8B-AED7-822A8B436D6F}"
EndProject
Project("{2150E333-8FDC-42A3-9474-1A3956D46DE8}") = "Shared", "Shared", "{6174A476-428B-428B-9FD8-346FCC468D35}"
EndProject
Project("{2150E333-8FDC-42A3-9474-1A3956D46DE8}") = "Others", "Others", "{CC00D56E-8E7D-4F2E-8983-7C85590FF5B3}"
	ProjectSection(SolutionItems) = preProject
		.gitignore = .gitignore
	EndProjectSection
EndProject
Global
	GlobalSection(SolutionConfigurationPlatforms) = preSolution
		Debug|Any CPU = Debug|Any CPU
		Release|Any CPU = Release|Any CPU
	EndGlobalSection
	GlobalSection(ProjectConfigurationPlatforms) = postSolution
		{3DD288F3-75DF-4E95-A783-9030B174F272}.Debug|Any CPU.ActiveCfg = Debug|Any CPU
		{3DD288F3-75DF-4E95-A783-9030B174F272}.Debug|Any CPU.Build.0 = Debug|Any CPU
		{3DD288F3-75DF-4E95-A783-9030B174F272}.Release|Any CPU.ActiveCfg = Release|Any CPU
		{3DD288F3-75DF-4E95-A783-9030B174F272}.Release|Any CPU.Build.0 = Release|Any CPU
		{BC31BD9C-CBC6-4533-A558-BB7ED0779528}.Debug|Any CPU.ActiveCfg = Debug|Any CPU
		{BC31BD9C-CBC6-4533-A558-BB7ED0779528}.Debug|Any CPU.Build.0 = Debug|Any CPU
		{BC31BD9C-CBC6-4533-A558-BB7ED0779528}.Release|Any CPU.ActiveCfg = Release|Any CPU
		{BC31BD9C-CBC6-4533-A558-BB7ED0779528}.Release|Any CPU.Build.0 = Release|Any CPU
		{FBD5F32A-B39E-4E8C-A71C-2FBFA7CE410A}.Debug|Any CPU.ActiveCfg = Debug|Any CPU
		{FBD5F32A-B39E-4E8C-A71C-2FBFA7CE410A}.Debug|Any CPU.Build.0 = Debug|Any CPU
		{FBD5F32A-B39E-4E8C-A71C-2FBFA7CE410A}.Release|Any CPU.ActiveCfg = Release|Any CPU
		{FBD5F32A-B39E-4E8C-A71C-2FBFA7CE410A}.Release|Any CPU.Build.0 = Release|Any CPU
		{27F254D9-B9FF-46B6-8D33-6F18AF149615}.Debug|Any CPU.ActiveCfg = Debug|Any CPU
		{27F254D9-B9FF-46B6-8D33-6F18AF149615}.Debug|Any CPU.Build.0 = Debug|Any CPU
		{27F254D9-B9FF-46B6-8D33-6F18AF149615}.Release|Any CPU.ActiveCfg = Release|Any CPU
		{27F254D9-B9FF-46B6-8D33-6F18AF149615}.Release|Any CPU.Build.0 = Release|Any CPU
		{718AF153-DC10-430A-B641-80D4918162C6}.Debug|Any CPU.ActiveCfg = Debug|Any CPU
		{718AF153-DC10-430A-B641-80D4918162C6}.Debug|Any CPU.Build.0 = Debug|Any CPU
		{718AF153-DC10-430A-B641-80D4918162C6}.Release|Any CPU.ActiveCfg = Release|Any CPU
		{718AF153-DC10-430A-B641-80D4918162C6}.Release|Any CPU.Build.0 = Release|Any CPU
		{E09B03B4-8415-47D0-9833-BE2B799AA7D4}.Debug|Any CPU.ActiveCfg = Debug|Any CPU
		{E09B03B4-8415-47D0-9833-BE2B799AA7D4}.Debug|Any CPU.Build.0 = Debug|Any CPU
		{E09B03B4-8415-47D0-9833-BE2B799AA7D4}.Release|Any CPU.ActiveCfg = Release|Any CPU
		{E09B03B4-8415-47D0-9833-BE2B799AA7D4}.Release|Any CPU.Build.0 = Release|Any CPU
	EndGlobalSection
	GlobalSection(SolutionProperties) = preSolution
		HideSolutionNode = FALSE
	EndGlobalSection
	GlobalSection(NestedProjects) = preSolution
		{3DD288F3-75DF-4E95-A783-9030B174F272} = {8FAE4932-0BB0-4C8B-AED7-822A8B436D6F}
		{BC31BD9C-CBC6-4533-A558-BB7ED0779528} = {6174A476-428B-428B-9FD8-346FCC468D35}
		{FBD5F32A-B39E-4E8C-A71C-2FBFA7CE410A} = {E2F79CC9-71CF-4C42-B64A-F54AB6B6D92B}
		{27F254D9-B9FF-46B6-8D33-6F18AF149615} = {E2F79CC9-71CF-4C42-B64A-F54AB6B6D92B}
		{718AF153-DC10-430A-B641-80D4918162C6} = {E2F79CC9-71CF-4C42-B64A-F54AB6B6D92B}
		{E09B03B4-8415-47D0-9833-BE2B799AA7D4} = {E2F79CC9-71CF-4C42-B64A-F54AB6B6D92B}
	EndGlobalSection
	GlobalSection(ExtensibilityGlobals) = postSolution
		SolutionGuid = {EF9ECED8-27A4-4244-90A1-69A16B44F284}
	EndGlobalSection
EndGlobal
