
Microsoft Visual Studio Solution File, Format Version 12.00
# Visual Studio Version 17
VisualStudioVersion = 17.3.32901.215
MinimumVisualStudioVersion = 10.0.40219.1
Project("{FAE04EC0-301F-11D3-BF4B-00C04F79EFBC}") = "H8GXCF_HFT_2022231.Client", "H8GXCF_HFT_2022231.Client\H8GXCF_HFT_2022231.Client.csproj", "{3DD288F3-75DF-4E95-A783-9030B174F272}"
EndProject
Global
	GlobalSection(SolutionConfigurationPlatforms) = preSolution
		Debug|Any CPU = Debug|Any CPU
		Release|Any CPU = Release|Any CPU
	EndGlobalSection
	GlobalSection(ProjectConfigurationPlatforms) = postSolution
		{3DD288F3-75DF-4E95-A783-9030B174F272}.Debug|Any CPU.ActiveCfg = Debug|Any CPU
		{3DD288F3-75DF-4E95-A783-9030B174F272}.Debug|Any CPU.Build.0 = Debug|Any CPU
		{3DD288F3-75DF-4E95-A783-9030B174F272}.Release|Any CPU.ActiveCfg = Release|Any CPU
		{3DD288F3-75DF-4E95-A783-9030B174F272}.Release|Any CPU.Build.0 = Release|Any CPU
	EndGlobalSection
	GlobalSection(SolutionProperties) = preSolution
		HideSolutionNode = FALSE
	EndGlobalSection
	GlobalSection(ExtensibilityGlobals) = postSolution
		SolutionGuid = {EF9ECED8-27A4-4244-90A1-69A16B44F284}
	EndGlobalSection
EndGlobal
